
Microsoft Visual Studio Solution File, Format Version 12.00
# Visual Studio Version 16
VisualStudioVersion = 16.0.30621.155
MinimumVisualStudioVersion = 10.0.40219.1
Project("{FAE04EC0-301F-11D3-BF4B-00C04F79EFBC}") = "Marketplace", "Marketplace\Marketplace.csproj", "{DAEC1D34-9D42-4899-83DC-F4DFDCAE9236}"
EndProject
Global
	GlobalSection(SolutionConfigurationPlatforms) = preSolution
		Debug|Any CPU = Debug|Any CPU
		Release|Any CPU = Release|Any CPU
	EndGlobalSection
	GlobalSection(ProjectConfigurationPlatforms) = postSolution
		{DAEC1D34-9D42-4899-83DC-F4DFDCAE9236}.Debug|Any CPU.ActiveCfg = Debug|Any CPU
		{DAEC1D34-9D42-4899-83DC-F4DFDCAE9236}.Debug|Any CPU.Build.0 = Debug|Any CPU
		{DAEC1D34-9D42-4899-83DC-F4DFDCAE9236}.Release|Any CPU.ActiveCfg = Release|Any CPU
		{DAEC1D34-9D42-4899-83DC-F4DFDCAE9236}.Release|Any CPU.Build.0 = Release|Any CPU
	EndGlobalSection
	GlobalSection(SolutionProperties) = preSolution
		HideSolutionNode = FALSE
	EndGlobalSection
	GlobalSection(ExtensibilityGlobals) = postSolution
		SolutionGuid = {F6F8A36D-7511-4793-AA0E-335C434B1CCC}
	EndGlobalSection
EndGlobal
